
Microsoft Visual Studio Solution File, Format Version 12.00
# Visual Studio Version 17
VisualStudioVersion = 17.0.31612.314
MinimumVisualStudioVersion = 10.0.40219.1
Project("{9A19103F-16F7-4668-BE54-9A1E7A4F7556}") = "BotWonder", "BotWonder\BotWonder.csproj", "{ECDAFC7A-D34D-497D-89D4-1FADCA68EC70}"
EndProject
Project("{9A19103F-16F7-4668-BE54-9A1E7A4F7556}") = "YukinoshitaBot", "YukinoshitaBot\YukinoshitaBot.csproj", "{822D242B-1ECB-4D6A-A370-5380EA6CB4D2}"
EndProject
Global
	GlobalSection(SolutionConfigurationPlatforms) = preSolution
		Debug|Any CPU = Debug|Any CPU
		Release|Any CPU = Release|Any CPU
	EndGlobalSection
	GlobalSection(ProjectConfigurationPlatforms) = postSolution
		{ECDAFC7A-D34D-497D-89D4-1FADCA68EC70}.Debug|Any CPU.ActiveCfg = Debug|Any CPU
		{ECDAFC7A-D34D-497D-89D4-1FADCA68EC70}.Debug|Any CPU.Build.0 = Debug|Any CPU
		{ECDAFC7A-D34D-497D-89D4-1FADCA68EC70}.Release|Any CPU.ActiveCfg = Release|Any CPU
		{ECDAFC7A-D34D-497D-89D4-1FADCA68EC70}.Release|Any CPU.Build.0 = Release|Any CPU
		{822D242B-1ECB-4D6A-A370-5380EA6CB4D2}.Debug|Any CPU.ActiveCfg = Debug|Any CPU
		{822D242B-1ECB-4D6A-A370-5380EA6CB4D2}.Debug|Any CPU.Build.0 = Debug|Any CPU
		{822D242B-1ECB-4D6A-A370-5380EA6CB4D2}.Release|Any CPU.ActiveCfg = Release|Any CPU
		{822D242B-1ECB-4D6A-A370-5380EA6CB4D2}.Release|Any CPU.Build.0 = Release|Any CPU
	EndGlobalSection
	GlobalSection(SolutionProperties) = preSolution
		HideSolutionNode = FALSE
	EndGlobalSection
	GlobalSection(ExtensibilityGlobals) = postSolution
		SolutionGuid = {160CAA6B-4E11-48F5-8367-6A0E2570950A}
	EndGlobalSection
EndGlobal
